
Microsoft Visual Studio Solution File, Format Version 12.00
# Visual Studio Version 17
VisualStudioVersion = 17.1.32328.378
MinimumVisualStudioVersion = 10.0.40219.1
Project("{FAE04EC0-301F-11D3-BF4B-00C04F79EFBC}") = "Ideas.WebApi", "Ideas.WebApi\Ideas.WebApi.csproj", "{AC609189-B717-4AC6-94B1-D34D68A0B811}"
EndProject
Global
	GlobalSection(SolutionConfigurationPlatforms) = preSolution
		Debug|Any CPU = Debug|Any CPU
		Release|Any CPU = Release|Any CPU
	EndGlobalSection
	GlobalSection(ProjectConfigurationPlatforms) = postSolution
		{AC609189-B717-4AC6-94B1-D34D68A0B811}.Debug|Any CPU.ActiveCfg = Debug|Any CPU
		{AC609189-B717-4AC6-94B1-D34D68A0B811}.Debug|Any CPU.Build.0 = Debug|Any CPU
		{AC609189-B717-4AC6-94B1-D34D68A0B811}.Release|Any CPU.ActiveCfg = Release|Any CPU
		{AC609189-B717-4AC6-94B1-D34D68A0B811}.Release|Any CPU.Build.0 = Release|Any CPU
	EndGlobalSection
	GlobalSection(SolutionProperties) = preSolution
		HideSolutionNode = FALSE
	EndGlobalSection
	GlobalSection(ExtensibilityGlobals) = postSolution
		SolutionGuid = {4AD4D17E-D4FC-4CAF-BE79-BF00E09EA3E3}
	EndGlobalSection
EndGlobal
